# This file is automatically @generated by Cargo.
# It is not intended for manual editing.
version = 3

[[package]]
name = "cc"
version = "1.0.72"
source = "registry+https://github.com/rust-lang/crates.io-index"
checksum = "22a9137b95ea06864e018375b72adfb7db6e6f68cfc8df5a04d00288050485ee"

[[package]]
name = "co2mon"
version = "2.1.1"
source = "registry+https://github.com/rust-lang/crates.io-index"
checksum = "1bd31f0bedd625be59a54e4bc6fafd0b677edae7f494e6ea92bad8e76891b39d"
dependencies = [
 "hidapi",
 "zg-co2",
]

[[package]]
name = "cooyote"
version = "0.1.0"
dependencies = [
 "co2mon",
]

[[package]]
name = "hidapi"
version = "1.3.2"
source = "registry+https://github.com/rust-lang/crates.io-index"
checksum = "e6c4cc7279df8353788ac551186920e44959d5948aec404be02b28544a598bce"
dependencies = [
 "cc",
 "libc",
 "pkg-config",
]

[[package]]
name = "libc"
version = "0.2.148"
source = "registry+https://github.com/rust-lang/crates.io-index"
checksum = "9cdc71e17332e86d2e1d38c1f99edcb6288ee11b815fb1a4b049eaa2114d369b"

[[package]]
name = "pkg-config"
version = "0.3.24"
source = "registry+https://github.com/rust-lang/crates.io-index"
checksum = "58893f751c9b0412871a09abd62ecd2a00298c6c83befa223ef98c52aef40cbe"

[[package]]
name = "zg-co2"
version = "2.1.0"
source = "registry+https://github.com/rust-lang/crates.io-index"
checksum = "d3a9df509d9ec0ea00da723d78bd5aca8f31c5395c4ee4b44350bc5f86fccc2a"
